
Microsoft Visual Studio Solution File, Format Version 12.00
# Visual Studio 15
VisualStudioVersion = 15.0.27130.0
MinimumVisualStudioVersion = 10.0.40219.1
Project("{FAE04EC0-301F-11D3-BF4B-00C04F79EFBC}") = "NUnitTestRunner", "NUnitTestRunner\NUnitTestRunner.csproj", "{ABE06428-27CE-4CCD-B3F5-87486C3D0254}"
EndProject
Project("{FAE04EC0-301F-11D3-BF4B-00C04F79EFBC}") = "NUnitGuineaPig", "NUnitGuineaPig\NUnitGuineaPig.csproj", "{817A06E0-2524-4A29-A731-C1F7938E6D80}"
EndProject
Global
	GlobalSection(SolutionConfigurationPlatforms) = preSolution
		Debug|Any CPU = Debug|Any CPU
		Release|Any CPU = Release|Any CPU
	EndGlobalSection
	GlobalSection(ProjectConfigurationPlatforms) = postSolution
		{ABE06428-27CE-4CCD-B3F5-87486C3D0254}.Debug|Any CPU.ActiveCfg = Debug|Any CPU
		{ABE06428-27CE-4CCD-B3F5-87486C3D0254}.Debug|Any CPU.Build.0 = Debug|Any CPU
		{ABE06428-27CE-4CCD-B3F5-87486C3D0254}.Release|Any CPU.ActiveCfg = Release|Any CPU
		{ABE06428-27CE-4CCD-B3F5-87486C3D0254}.Release|Any CPU.Build.0 = Release|Any CPU
		{817A06E0-2524-4A29-A731-C1F7938E6D80}.Debug|Any CPU.ActiveCfg = Debug|Any CPU
		{817A06E0-2524-4A29-A731-C1F7938E6D80}.Debug|Any CPU.Build.0 = Debug|Any CPU
		{817A06E0-2524-4A29-A731-C1F7938E6D80}.Release|Any CPU.ActiveCfg = Release|Any CPU
		{817A06E0-2524-4A29-A731-C1F7938E6D80}.Release|Any CPU.Build.0 = Release|Any CPU
	EndGlobalSection
	GlobalSection(SolutionProperties) = preSolution
		HideSolutionNode = FALSE
	EndGlobalSection
	GlobalSection(ExtensibilityGlobals) = postSolution
		SolutionGuid = {480662E9-596C-4480-9003-C043D74F5466}
	EndGlobalSection
EndGlobal
